
Microsoft Visual Studio Solution File, Format Version 12.00
# Visual Studio 2013
VisualStudioVersion = 12.0.40629.0
MinimumVisualStudioVersion = 10.0.40219.1
Project("{FAE04EC0-301F-11D3-BF4B-00C04F79EFBC}") = "Democrasy", "Democrasy\Democrasy.csproj", "{402F5CD6-CC19-4082-9829-E82F10EC8A84}"
EndProject
Project("{FAE04EC0-301F-11D3-BF4B-00C04F79EFBC}") = "DemocrasyModel", "DemocrasyModel\DemocrasyModel.csproj", "{17A8A83C-EDC0-4318-9547-4970194366EB}"
EndProject
Project("{FAE04EC0-301F-11D3-BF4B-00C04F79EFBC}") = "DemocrasyBackOffice", "DemocrasyServices\DemocrasyBackOffice.csproj", "{12F02605-6DE4-4D9A-A38F-DA86B3714472}"
EndProject
Global
	GlobalSection(SolutionConfigurationPlatforms) = preSolution
		Debug|Any CPU = Debug|Any CPU
		Release|Any CPU = Release|Any CPU
	EndGlobalSection
	GlobalSection(ProjectConfigurationPlatforms) = postSolution
		{402F5CD6-CC19-4082-9829-E82F10EC8A84}.Debug|Any CPU.ActiveCfg = Debug|Any CPU
		{402F5CD6-CC19-4082-9829-E82F10EC8A84}.Debug|Any CPU.Build.0 = Debug|Any CPU
		{402F5CD6-CC19-4082-9829-E82F10EC8A84}.Release|Any CPU.ActiveCfg = Release|Any CPU
		{402F5CD6-CC19-4082-9829-E82F10EC8A84}.Release|Any CPU.Build.0 = Release|Any CPU
		{17A8A83C-EDC0-4318-9547-4970194366EB}.Debug|Any CPU.ActiveCfg = Debug|Any CPU
		{17A8A83C-EDC0-4318-9547-4970194366EB}.Debug|Any CPU.Build.0 = Debug|Any CPU
		{17A8A83C-EDC0-4318-9547-4970194366EB}.Release|Any CPU.ActiveCfg = Release|Any CPU
		{17A8A83C-EDC0-4318-9547-4970194366EB}.Release|Any CPU.Build.0 = Release|Any CPU
		{12F02605-6DE4-4D9A-A38F-DA86B3714472}.Debug|Any CPU.ActiveCfg = Debug|Any CPU
		{12F02605-6DE4-4D9A-A38F-DA86B3714472}.Debug|Any CPU.Build.0 = Debug|Any CPU
		{12F02605-6DE4-4D9A-A38F-DA86B3714472}.Release|Any CPU.ActiveCfg = Release|Any CPU
		{12F02605-6DE4-4D9A-A38F-DA86B3714472}.Release|Any CPU.Build.0 = Release|Any CPU
	EndGlobalSection
	GlobalSection(SolutionProperties) = preSolution
		HideSolutionNode = FALSE
	EndGlobalSection
EndGlobal
